
Microsoft Visual Studio Solution File, Format Version 12.00
# Visual Studio Version 16
VisualStudioVersion = 16.0.31729.503
MinimumVisualStudioVersion = 10.0.40219.1
Project("{8BC9CEB8-8B4A-11D0-8D11-00A0C91BC942}") = "PinYinConvertor", "PinYinConvertor.vcxproj", "{76DD4EF7-4ADD-41FC-86B8-E1F2D15E86AC}"
EndProject
Global
	GlobalSection(SolutionConfigurationPlatforms) = preSolution
		Debug|x64 = Debug|x64
		Debug|x86 = Debug|x86
		Release|x64 = Release|x64
		Release|x86 = Release|x86
	EndGlobalSection
	GlobalSection(ProjectConfigurationPlatforms) = postSolution
		{76DD4EF7-4ADD-41FC-86B8-E1F2D15E86AC}.Debug|x64.ActiveCfg = Debug|x64
		{76DD4EF7-4ADD-41FC-86B8-E1F2D15E86AC}.Debug|x64.Build.0 = Debug|x64
		{76DD4EF7-4ADD-41FC-86B8-E1F2D15E86AC}.Debug|x86.ActiveCfg = Debug|Win32
		{76DD4EF7-4ADD-41FC-86B8-E1F2D15E86AC}.Debug|x86.Build.0 = Debug|Win32
		{76DD4EF7-4ADD-41FC-86B8-E1F2D15E86AC}.Release|x64.ActiveCfg = Release|x64
		{76DD4EF7-4ADD-41FC-86B8-E1F2D15E86AC}.Release|x64.Build.0 = Release|x64
		{76DD4EF7-4ADD-41FC-86B8-E1F2D15E86AC}.Release|x86.ActiveCfg = Release|Win32
		{76DD4EF7-4ADD-41FC-86B8-E1F2D15E86AC}.Release|x86.Build.0 = Release|Win32
	EndGlobalSection
	GlobalSection(SolutionProperties) = preSolution
		HideSolutionNode = FALSE
	EndGlobalSection
	GlobalSection(ExtensibilityGlobals) = postSolution
		SolutionGuid = {97A698C7-15D7-406E-8048-E52DDA2E4E1D}
	EndGlobalSection
EndGlobal
